
Microsoft Visual Studio Solution File, Format Version 12.00
# Visual Studio Version 17
VisualStudioVersion = 17.10.35027.167
MinimumVisualStudioVersion = 10.0.40219.1
Project("{FAE04EC0-301F-11D3-BF4B-00C04F79EFBC}") = "st10301625_ICE_Task_2", "st10301625_ICE_Task_2.csproj", "{7AF33E6A-A516-421F-864D-D2B728A644F0}"
EndProject
Global
	GlobalSection(SolutionConfigurationPlatforms) = preSolution
		Debug|Any CPU = Debug|Any CPU
		Release|Any CPU = Release|Any CPU
	EndGlobalSection
	GlobalSection(ProjectConfigurationPlatforms) = postSolution
		{7AF33E6A-A516-421F-864D-D2B728A644F0}.Debug|Any CPU.ActiveCfg = Debug|Any CPU
		{7AF33E6A-A516-421F-864D-D2B728A644F0}.Debug|Any CPU.Build.0 = Debug|Any CPU
		{7AF33E6A-A516-421F-864D-D2B728A644F0}.Release|Any CPU.ActiveCfg = Release|Any CPU
		{7AF33E6A-A516-421F-864D-D2B728A644F0}.Release|Any CPU.Build.0 = Release|Any CPU
	EndGlobalSection
	GlobalSection(SolutionProperties) = preSolution
		HideSolutionNode = FALSE
	EndGlobalSection
	GlobalSection(ExtensibilityGlobals) = postSolution
		SolutionGuid = {15BA50C1-9CA6-4900-87F9-1551CD344BC1}
	EndGlobalSection
EndGlobal
